PODS:
  - Alamofire (5.8.1)
  - ObjectMapper (4.2.0)
  - SDWebImage (5.18.10):
    - SDWebImage/Core (= 5.18.10)
  - SDWebImage/Core (5.18.10)
  - SDWebImageSwiftUI (2.2.6):
    - SDWebImage (~> 5.10)

DEPENDENCIES:
  - Alamofire
  - ObjectMapper
  - SDWebImageSwiftUI

SPEC REPOS:
  trunk:
    - Alamofire
    - ObjectMapper
    - SDWebImage
    - SDWebImageSwiftUI

SPEC CHECKSUMS:
  Alamofire: 3ca42e259043ee0dc5c0cdd76c4bc568b8e42af7
  ObjectMapper: 1eb41f610210777375fa806bf161dc39fb832b81
  SDWebImage: fc8f2d48bbfd72ef39d70e981bd24a3f3be53fec
  SDWebImageSwiftUI: 3a8448b76833ed0e954a651be6c6f45faceed29d

PODFILE CHECKSUM: befcdde5e1590d5b25984ab3979d926647e0e589

COCOAPODS: 1.11.3
